{
  "nodes": {
    "flake-parts": {
      "inputs": {
        "nixpkgs-lib": [
          "hercules-ci-effects",
          "nixpkgs"
        ]
      },
      "locked": {
        "lastModified": 1738453229,
        "narHash": "sha256-7H9XgNiGLKN1G1CgRh0vUL4AheZSYzPm+zmZ7vxbJdo=",
        "owner": "hercules-ci",
        "repo": "flake-parts",
        "rev": "32ea77a06711b758da0ad9bd6a844c5740a87abd",
        "type": "github"
      },
      "original": {
        "id": "flake-parts",
        "type": "indirect"
      }
    },
    "flake-utils": {
      "locked": {
        "lastModified": 1649676176,
        "narHash": "sha256-OWKJratjt2RW151VUlJPRALb7OU2S5s+f0vLj4o1bHM=",
        "owner": "numtide",
        "repo": "flake-utils",
        "rev": "a4b154ebbdc88c8498a5c7b01589addc9e9cb678",
        "type": "github"
      },
      "original": {
        "owner": "numtide",
        "repo": "flake-utils",
        "type": "github"
      }
    },
    "flake-utils_2": {
      "locked": {
        "lastModified": 1638122382,
        "narHash": "sha256-sQzZzAbvKEqN9s0bzWuYmRaA03v40gaJ4+iL1LXjaeI=",
        "owner": "numtide",
        "repo": "flake-utils",
        "rev": "74f7e4319258e287b0f9cb95426c9853b282730b",
        "type": "github"
      },
      "original": {
        "owner": "numtide",
        "repo": "flake-utils",
        "type": "github"
      }
    },
    "hercules-ci-effects": {
      "inputs": {
        "flake-parts": "flake-parts",
        "nixpkgs": "nixpkgs"
      },
      "locked": {
        "lastModified": 1739595404,
        "narHash": "sha256-0CjCfbq0yHWexOrpO06e2WU1r5JAqR6ffy1zgM3NksI=",
        "owner": "hercules-ci",
        "repo": "hercules-ci-effects",
        "rev": "06519cec8fb32d219006da6eacd255504a9996af",
        "type": "github"
      },
      "original": {
        "owner": "hercules-ci",
        "repo": "hercules-ci-effects",
        "type": "github"
      }
    },
    "hydra": {
      "inputs": {
        "nix": "nix",
        "nix-eval-jobs": "nix-eval-jobs",
        "nixpkgs": [
          "nixpkgs"
        ]
      },
      "locked": {
        "lastModified": 1739907437,
        "narHash": "sha256-yBLVNhbGM/WmHUEa0mCw7mFfa5blxWZGlqP6F6PgQnY=",
        "owner": "NixOS",
        "repo": "hydra",
        "rev": "18c0d762109549351ecf622cde34514351a72492",
        "type": "github"
      },
      "original": {
        "owner": "NixOS",
        "repo": "hydra",
        "type": "github"
      }
    },
    "mmdoc": {
      "inputs": {
        "nixpkgs": [
          "nixpkgs-update",
          "nixpkgs"
        ],
        "systems": "systems"
      },
      "locked": {
        "lastModified": 1710694589,
        "narHash": "sha256-5wa+Jzxr+LygoxSZuZg0YU81jgdnx2IY/CqDIJMOgec=",
        "owner": "ryantm",
        "repo": "mmdoc",
        "rev": "b6ddf748b1d1c01ca582bb1b3dafd6bc3a4c83a6",
        "type": "github"
      },
      "original": {
        "owner": "ryantm",
        "repo": "mmdoc",
        "type": "github"
      }
    },
    "nc-review-bot": {
      "inputs": {
        "flake-utils": "flake-utils",
        "nixpkgs": [
          "nixpkgs"
        ],
        "nixpkgs-review": "nixpkgs-review"
      },
      "locked": {
        "lastModified": 1651670160,
        "narHash": "sha256-iUta1O0XLIXp8c/7o2XK9d5MX2YLp6ZtIXdikBkMm1s=",
        "owner": "nix-community",
        "repo": "review-bot",
        "rev": "8553a0b057564deeea840c0dd15a01f86982b7e8",
        "type": "github"
      },
      "original": {
        "owner": "nix-community",
        "repo": "review-bot",
        "type": "github"
      }
    },
    "nix": {
      "inputs": {
        "flake-compat": [
          "hydra"
        ],
        "flake-parts": [
          "hydra"
        ],
        "git-hooks-nix": [
          "hydra"
        ],
        "nixpkgs": [
          "hydra",
          "nixpkgs"
        ],
        "nixpkgs-23-11": [
          "hydra"
        ],
        "nixpkgs-regression": [
          "hydra"
        ]
      },
      "locked": {
        "lastModified": 1739899400,
        "narHash": "sha256-q/RgA4bB7zWai4oPySq9mch7qH14IEeom2P64SXdqHs=",
        "owner": "NixOS",
        "repo": "nix",
        "rev": "e310c19a1aeb1ce1ed4d41d5ab2d02db596e0918",
        "type": "github"
      },
      "original": {
        "owner": "NixOS",
        "ref": "2.26-maintenance",
        "repo": "nix",
        "type": "github"
      }
    },
    "nix-eval-jobs": {
      "flake": false,
      "locked": {
        "lastModified": 1739500569,
        "narHash": "sha256-3wIReAqdTALv39gkWXLMZQvHyBOc3yPkWT2ZsItxedY=",
        "owner": "nix-community",
        "repo": "nix-eval-jobs",
        "rev": "4b392b284877d203ae262e16af269f702df036bc",
        "type": "github"
      },
      "original": {
        "owner": "nix-community",
        "repo": "nix-eval-jobs",
        "type": "github"
      }
    },
    "nixpkgs": {
      "locked": {
        "lastModified": 1739446958,
        "narHash": "sha256-+/bYK3DbPxMIvSL4zArkMX0LQvS7rzBKXnDXLfKyRVc=",
        "owner": "NixOS",
        "repo": "nixpkgs",
        "rev": "2ff53fe64443980e139eaa286017f53f88336dd0",
        "type": "github"
      },
      "original": {
        "owner": "NixOS",
        "ref": "nixos-unstable",
        "repo": "nixpkgs",
        "type": "github"
      }
    },
    "nixpkgs-review": {
      "inputs": {
        "flake-utils": "flake-utils_2",
        "nixpkgs": [
          "nc-review-bot",
          "nixpkgs"
        ]
      },
      "locked": {
        "lastModified": 1650549072,
        "narHash": "sha256-3e4xaxDwfgCkMjCSeyGr1vPutos8BzlTi0wUCHhG1+8=",
        "owner": "Mic92",
        "repo": "nixpkgs-review",
        "rev": "d8c01b48b6189287bb7b70c0a67399991f227163",
        "type": "github"
      },
      "original": {
        "owner": "Mic92",
        "repo": "nixpkgs-review",
        "type": "github"
      }
    },
    "nixpkgs-update": {
      "inputs": {
        "mmdoc": "mmdoc",
        "nixpkgs": "nixpkgs_3",
        "runtimeDeps": "runtimeDeps",
        "treefmt-nix": "treefmt-nix"
      },
      "locked": {
        "lastModified": 1738838691,
        "narHash": "sha256-0vSf4gjSg/MGTdI+b3ZOjdvVZR53MZWRyRUvREc16jo=",
        "owner": "ryantm",
        "repo": "nixpkgs-update",
        "rev": "ca25a2a7aaa94faeb209bf488c201b34dddcda27",
        "type": "github"
      },
      "original": {
        "owner": "ryantm",
        "repo": "nixpkgs-update",
        "type": "github"
      }
    },
    "nixpkgs-update-github-releases": {
      "flake": false,
      "locked": {
        "lastModified": 1580759633,
        "narHash": "sha256-BILWeSDxOY8S5eRz5eXnRj48xzrzQJ6v6Bv0hVtvNGg=",
        "owner": "ryantm",
        "repo": "nixpkgs-update-github-releases",
        "rev": "e31b003d8edd400d06b718c717c19532585389f9",
        "type": "github"
      },
      "original": {
        "owner": "ryantm",
        "repo": "nixpkgs-update-github-releases",
        "type": "github"
      }
    },
    "nixpkgs-update-pypi-releases": {
      "flake": false,
      "locked": {
        "lastModified": 1628829542,
        "narHash": "sha256-KcCJgTuBh9HITE2mpSHQA36BiFtGW7sLWKVS29biwgM=",
        "owner": "ryantm",
        "repo": "nixpkgs-update-pypi-releases",
        "rev": "56afe60a7fd7ee7f5dac5feeea8a983aba759997",
        "type": "github"
      },
      "original": {
        "owner": "ryantm",
        "repo": "nixpkgs-update-pypi-releases",
        "type": "github"
      }
    },
    "nixpkgs_2": {
      "locked": {
        "lastModified": 1740215764,
        "narHash": "sha256-wzBbGGZ6i1VVBA/cDJaLfuuGYCUriD7fwsLgJJHRVRk=",
        "owner": "NixOS",
        "repo": "nixpkgs",
        "rev": "8465e233b0668cf162c608a92e62e8d78c1ba7e4",
        "type": "github"
      },
      "original": {
        "owner": "NixOS",
        "ref": "nixos-unstable-small",
        "repo": "nixpkgs",
        "type": "github"
      }
    },
    "nixpkgs_3": {
      "locked": {
        "lastModified": 1672428209,
        "narHash": "sha256-eejhqkDz2cb2vc5VeaWphJz8UXNuoNoM8/Op8eWv2tQ=",
        "owner": "NixOS",
        "repo": "nixpkgs",
        "rev": "293a28df6d7ff3dec1e61e37cc4ee6e6c0fb0847",
        "type": "github"
      },
      "original": {
        "id": "nixpkgs",
        "type": "indirect"
      }
    },
    "nixpkgs_4": {
      "locked": {
        "lastModified": 1731763621,
        "narHash": "sha256-ddcX4lQL0X05AYkrkV2LMFgGdRvgap7Ho8kgon3iWZk=",
        "owner": "NixOS",
        "repo": "nixpkgs",
        "rev": "c69a9bffbecde46b4b939465422ddc59493d3e4d",
        "type": "github"
      },
      "original": {
        "owner": "NixOS",
        "ref": "nixpkgs-unstable",
        "repo": "nixpkgs",
        "type": "github"
      }
    },
    "root": {
      "inputs": {
        "hercules-ci-effects": "hercules-ci-effects",
        "hydra": "hydra",
        "nc-review-bot": "nc-review-bot",
        "nixpkgs": "nixpkgs_2",
        "nixpkgs-update": "nixpkgs-update",
        "nixpkgs-update-github-releases": "nixpkgs-update-github-releases",
        "nixpkgs-update-pypi-releases": "nixpkgs-update-pypi-releases",
        "sops-nix": "sops-nix"
      }
    },
    "runtimeDeps": {
      "locked": {
        "lastModified": 1714247354,
        "narHash": "sha256-6dFKqP/aCKIdpOgqgIQUrRT0NOfVc14ftNcdELa4Pu4=",
        "owner": "NixOS",
        "repo": "nixpkgs",
        "rev": "c8d7c8a78fb516c0842cc65346506a565c88014d",
        "type": "github"
      },
      "original": {
        "owner": "NixOS",
        "ref": "nixos-unstable-small",
        "repo": "nixpkgs",
        "type": "github"
      }
    },
    "sops-nix": {
      "inputs": {
        "nixpkgs": "nixpkgs_4"
      },
      "locked": {
        "lastModified": 1739262228,
        "narHash": "sha256-7JAGezJ0Dn5qIyA2+T4Dt/xQgAbhCglh6lzCekTVMeU=",
        "owner": "Mic92",
        "repo": "sops-nix",
        "rev": "07af005bb7d60c7f118d9d9f5530485da5d1e975",
        "type": "github"
      },
      "original": {
        "owner": "Mic92",
        "repo": "sops-nix",
        "type": "github"
      }
    },
    "systems": {
      "locked": {
        "lastModified": 1681028828,
        "narHash": "sha256-Vy1rq5AaRuLzOxct8nz4T6wlgyUR7zLU309k9mBC768=",
        "owner": "nix-systems",
        "repo": "default",
        "rev": "da67096a3b9bf56a91d16901293e51ba5b49a27e",
        "type": "github"
      },
      "original": {
        "owner": "nix-systems",
        "repo": "default",
        "type": "github"
      }
    },
    "treefmt-nix": {
      "inputs": {
        "nixpkgs": [
          "nixpkgs-update",
          "nixpkgs"
        ]
      },
      "locked": {
        "lastModified": 1711963903,
        "narHash": "sha256-N3QDhoaX+paWXHbEXZapqd1r95mdshxToGowtjtYkGI=",
        "owner": "numtide",
        "repo": "treefmt-nix",
        "rev": "49dc4a92b02b8e68798abd99184f228243b6e3ac",
        "type": "github"
      },
      "original": {
        "owner": "numtide",
        "repo": "treefmt-nix",
        "type": "github"
      }
    }
  },
  "root": "root",
  "version": 7
}
